<?xml version="1.0" encoding="utf-8"?>
<Project ToolsVersion="4.0" xmlns="http://schemas.microsoft.com/developer/msbuild/2003">
  <ItemGroup>
    <Filter Include="Source Files">
      <UniqueIdentifier>{4FC737F1-C7A5-4376-A066-2A32D752A2FF}</UniqueIdentifier>
      <Extensions>cpp;c;cc;cxx;c++;cppm;ixx;def;odl;idl;hpj;bat;asm;asmx</Extensions>
    </Filter>
    <Filter Include="Beta">
      <UniqueIdentifier>{9c42cfdd-7d7a-4381-8f9c-08590ea61584}</UniqueIdentifier>
    </Filter>
    <Filter Include="Beta\containers">
      <UniqueIdentifier>{2a958667-309e-4493-836a-ecffa05fef2c}</UniqueIdentifier>
    </Filter>
    <Filter Include="Beta\containers\hive">
      <UniqueIdentifier>{a6d5cc8d-35eb-449d-8021-c27a17b95748}</UniqueIdentifier>
    </Filter>
    <Filter Include="Library">
      <UniqueIdentifier>{14fda5b3-7e80-4148-bdc3-599502fc01fb}</UniqueIdentifier>
    </Filter>
    <Filter Include="Library\compilation">
      <UniqueIdentifier>{e3365c61-f688-4e19-b2cc-5646264d74d6}</UniqueIdentifier>
    </Filter>
    <Filter Include="Library\containers">
      <UniqueIdentifier>{fca3cf14-c1e3-424c-9697-ee8f2f85cab1}</UniqueIdentifier>
    </Filter>
    <Filter Include="Library\containers\hive">
      <UniqueIdentifier>{554a512e-fd5c-4fb1-a9ef-8fc722a43ab0}</UniqueIdentifier>
    </Filter>
    <Filter Include="Library\containers\multithreading">
      <UniqueIdentifier>{aee5b14c-b39c-4407-8266-0366b7f38944}</UniqueIdentifier>
    </Filter>
    <Filter Include="Library\output">
      <UniqueIdentifier>{d4632c88-329e-431a-a065-6263af4d1628}</UniqueIdentifier>
    </Filter>
    <Filter Include="Library\math">
      <UniqueIdentifier>{2b48f215-9162-4760-a577-bf15c8e1e403}</UniqueIdentifier>
    </Filter>
    <Filter Include="Library\math\geometry">
      <UniqueIdentifier>{b522fefe-7c38-4bd8-aa57-1c7fdf7948a5}</UniqueIdentifier>
    </Filter>
    <Filter Include="Library\math\geometry\shape">
      <UniqueIdentifier>{aa61dbc7-b0f0-45f5-b898-f58915ce2492}</UniqueIdentifier>
    </Filter>
    <Filter Include="Library\math\geometry\details">
      <UniqueIdentifier>{0c6f0692-602d-425d-808b-05efb44c047a}</UniqueIdentifier>
    </Filter>
    <Filter Include="Library\details">
      <UniqueIdentifier>{a4c6619d-f6a2-431b-9217-8523b8125c16}</UniqueIdentifier>
    </Filter>
    <Filter Include="Library\graphics">
      <UniqueIdentifier>{b3f67c0a-6ee7-4b09-af2c-49c239bd3ff0}</UniqueIdentifier>
    </Filter>
    <Filter Include="Library\oop">
      <UniqueIdentifier>{e933390c-bf5a-49d8-8671-fa9c474cde98}</UniqueIdentifier>
    </Filter>
    <Filter Include="Library\third_party">
      <UniqueIdentifier>{dc330aa9-0fc5-4efd-a6c7-2e95a859a34e}</UniqueIdentifier>
    </Filter>
    <Filter Include="Library\logging">
      <UniqueIdentifier>{0d52f7aa-5da0-4fa6-b725-8620c21c5253}</UniqueIdentifier>
    </Filter>
    <Filter Include="Library\input_system">
      <UniqueIdentifier>{31f72530-c40d-485a-9273-0c555bc1f868}</UniqueIdentifier>
    </Filter>
    <Filter Include="Library\input_system\device">
      <UniqueIdentifier>{56436e34-99b1-4792-a336-6dd2071c2473}</UniqueIdentifier>
    </Filter>
    <Filter Include="Library\console">
      <UniqueIdentifier>{0f9ff369-2642-46ad-86d7-c31e1375a012}</UniqueIdentifier>
    </Filter>
    <Filter Include="Library\template">
      <UniqueIdentifier>{3a2aecdc-e41d-43c7-b633-700f951fef64}</UniqueIdentifier>
    </Filter>
    <Filter Include="Library\math\geometry\shape\declaration">
      <UniqueIdentifier>{613edeeb-27e0-4055-9685-2867863bb6a7}</UniqueIdentifier>
    </Filter>
    <Filter Include="Library\math\details">
      <UniqueIdentifier>{5a48a130-507f-4149-b8bb-b31808ebfd2c}</UniqueIdentifier>
    </Filter>
    <Filter Include="Library\math\details\vec">
      <UniqueIdentifier>{b1907659-7009-410f-815b-d7adc2d5275d}</UniqueIdentifier>
    </Filter>
    <Filter Include="Library\math\geometry\interactions">
      <UniqueIdentifier>{2158057d-02e3-4565-8582-67641da96bb8}</UniqueIdentifier>
    </Filter>
    <Filter Include="Library\math\geometry\sdf">
      <UniqueIdentifier>{21b3dcf3-3e34-414e-8603-bc499200f2e9}</UniqueIdentifier>
    </Filter>
    <Filter Include="Library\math\geometry\bounds">
      <UniqueIdentifier>{ba3ba8d8-b45f-4816-85c8-13d9f787dd6b}</UniqueIdentifier>
    </Filter>
    <Filter Include="Library\math\geometry\transform">
      <UniqueIdentifier>{418061ec-3b05-44f2-a7b8-174bf02e75bc}</UniqueIdentifier>
    </Filter>
    <Filter Include="Library\math\geometry\sdf\bezier">
      <UniqueIdentifier>{085e7893-6f97-4900-9898-1e2c17319f18}</UniqueIdentifier>
    </Filter>
    <Filter Include="Library\algorithm">
      <UniqueIdentifier>{46ab645d-97ac-4991-8d17-5bdd776d2448}</UniqueIdentifier>
    </Filter>
  </ItemGroup>
  <ItemGroup>
    <ClCompile Include="quick_tests.cpp">
      <Filter>Source Files</Filter>
    </ClCompile>
    <ClCompile Include="Library\include\utils\console\initializer.cpp">
      <Filter>Library\console</Filter>
    </ClCompile>
    <ClCompile Include="Library\include\utils\console\io.cpp">
      <Filter>Library\console</Filter>
    </ClCompile>
    <ClCompile Include="Library\include\utils\graphics\image.cpp">
      <Filter>Library\graphics</Filter>
    </ClCompile>
    <ClCompile Include="Library\include\utils\logging\progress_bar.cpp">
      <Filter>Library\logging</Filter>
    </ClCompile>
  </ItemGroup>
  <ItemGroup>
    <ClInclude Include="Library\include\utils\beta\containers\hive\pool.h">
      <Filter>Beta\containers\hive</Filter>
    </ClInclude>
    <ClInclude Include="Library\include\utils\beta\containers\buffer.h">
      <Filter>Beta\containers</Filter>
    </ClInclude>
    <ClInclude Include="Library\include\utils\beta\containers\multihandled_default.h">
      <Filter>Beta\containers</Filter>
    </ClInclude>
    <ClInclude Include="Library\include\utils\beta\containers\resource_manager.h">
      <Filter>Beta\containers</Filter>
    </ClInclude>
    <ClInclude Include="Library\include\utils\compilation\gpu.h">
      <Filter>Library\compilation</Filter>
    </ClInclude>
    <ClInclude Include="Library\include\utils\compilation\OS.h">
      <Filter>Library\compilation</Filter>
    </ClInclude>
    <ClInclude Include="Library\include\utils\compilation\warnings.h">
      <Filter>Library\compilation</Filter>
    </ClInclude>
    <ClInclude Include="Library\include\utils\compilation\compiler.h">
      <Filter>Library\compilation</Filter>
    </ClInclude>
    <ClInclude Include="Library\include\utils\compilation\debug.h">
      <Filter>Library\compilation</Filter>
    </ClInclude>
    <ClInclude Include="Library\include\utils\console\colour.h">
      <Filter>Library\console</Filter>
    </ClInclude>
    <ClInclude Include="Library\include\utils\console\initializer.h">
      <Filter>Library\console</Filter>
    </ClInclude>
    <ClInclude Include="Library\include\utils\console\io.h">
      <Filter>Library\console</Filter>
    </ClInclude>
    <ClInclude Include="Library\include\utils\containers\buffer.h">
      <Filter>Library\containers</Filter>
    </ClInclude>
    <ClInclude Include="Library\include\utils\containers\flat_map.h">
      <Filter>Library\containers</Filter>
    </ClInclude>
    <ClInclude Include="Library\include\utils\containers\flat_set.h">
      <Filter>Library\containers</Filter>
    </ClInclude>
    <ClInclude Include="Library\include\utils\containers\handled_container.h">
      <Filter>Library\containers</Filter>
    </ClInclude>
    <ClInclude Include="Library\include\utils\containers\linked_vector.h">
      <Filter>Library\containers</Filter>
    </ClInclude>
    <ClInclude Include="Library\include\utils\containers\matrix.h">
      <Filter>Library\containers</Filter>
    </ClInclude>
    <ClInclude Include="Library\include\utils\containers\matrix_dyn.h">
      <Filter>Library\containers</Filter>
    </ClInclude>
    <ClInclude Include="Library\include\utils\containers\matrix_memory_layout.h">
      <Filter>Library\containers</Filter>
    </ClInclude>
    <ClInclude Include="Library\include\utils\containers\multihandled.h">
      <Filter>Library\containers</Filter>
    </ClInclude>
    <ClInclude Include="Library\include\utils\containers\multihandled_default.h">
      <Filter>Library\containers</Filter>
    </ClInclude>
    <ClInclude Include="Library\include\utils\containers\multihandled_default_old.h">
      <Filter>Library\containers</Filter>
    </ClInclude>
    <ClInclude Include="Library\include\utils\containers\multihandled_unsafe.h">
      <Filter>Library\containers</Filter>
    </ClInclude>
    <ClInclude Include="Library\include\utils\containers\multitype_container.h">
      <Filter>Library\containers</Filter>
    </ClInclude>
    <ClInclude Include="Library\include\utils\containers\object_pool.h">
      <Filter>Library\containers</Filter>
    </ClInclude>
    <ClInclude Include="Library\include\utils\containers\polymorphic_access_container.h">
      <Filter>Library\containers</Filter>
    </ClInclude>
    <ClInclude Include="Library\include\utils\containers\polymorphic_container.h">
      <Filter>Library\containers</Filter>
    </ClInclude>
    <ClInclude Include="Library\include\utils\containers\resource_manager.h">
      <Filter>Library\containers</Filter>
    </ClInclude>
    <ClInclude Include="Library\include\utils\containers\segmented_vector.h">
      <Filter>Library\containers</Filter>
    </ClInclude>
    <ClInclude Include="Library\include\utils\containers\std_hash.h">
      <Filter>Library\containers</Filter>
    </ClInclude>
    <ClInclude Include="Library\include\utils\containers\storage_for.h">
      <Filter>Library\containers</Filter>
    </ClInclude>
    <ClInclude Include="Library\include\utils\containers\hive\next.h">
      <Filter>Library\containers\hive</Filter>
    </ClInclude>
    <ClInclude Include="Library\include\utils\containers\hive\skipfield.h">
      <Filter>Library\containers\hive</Filter>
    </ClInclude>
    <ClInclude Include="Library\include\utils\containers\multithreading\consumable_queue.h">
      <Filter>Library\containers\multithreading</Filter>
    </ClInclude>
    <ClInclude Include="Library\include\utils\containers\multithreading\consumption_delegating_queue.h">
      <Filter>Library\containers\multithreading</Filter>
    </ClInclude>
    <ClInclude Include="Library\include\utils\containers\multithreading\multiqueue_consumer.h">
      <Filter>Library\containers\multithreading</Filter>
    </ClInclude>
    <ClInclude Include="Library\include\utils\containers\multithreading\operations_flags.h">
      <Filter>Library\containers\multithreading</Filter>
    </ClInclude>
    <ClInclude Include="Library\include\utils\containers\multithreading\producer_consumer_queue.h">
      <Filter>Library\containers\multithreading</Filter>
    </ClInclude>
    <ClInclude Include="Library\include\utils\containers\multithreading\self_consuming_queue.h">
      <Filter>Library\containers\multithreading</Filter>
    </ClInclude>
    <ClInclude Include="Library\include\utils\containers\multithreading\concurrent_queue.h">
      <Filter>Library\containers\multithreading</Filter>
    </ClInclude>
    <ClInclude Include="Library\include\utils\graphics\colour.h">
      <Filter>Library\graphics</Filter>
    </ClInclude>
    <ClInclude Include="Library\include\utils\graphics\image.h">
      <Filter>Library\graphics</Filter>
    </ClInclude>
    <ClInclude Include="Library\include\utils\input_system\common.h">
      <Filter>Library\input_system</Filter>
    </ClInclude>
    <ClInclude Include="Library\include\utils\input_system\mouse.h">
      <Filter>Library\input_system</Filter>
    </ClInclude>
    <ClInclude Include="Library\include\utils\input_system\device\gamepad.h">
      <Filter>Library\input_system\device</Filter>
    </ClInclude>
    <ClInclude Include="Library\include\utils\input_system\device\keyboard.h">
      <Filter>Library\input_system\device</Filter>
    </ClInclude>
    <ClInclude Include="Library\include\utils\input_system\device\mouse.h">
      <Filter>Library\input_system\device</Filter>
    </ClInclude>
    <ClInclude Include="Library\include\utils\input_system\device\common.h">
      <Filter>Library\input_system\device</Filter>
    </ClInclude>
    <ClInclude Include="Library\include\utils\logging\logger.h">
      <Filter>Library\logging</Filter>
    </ClInclude>
    <ClInclude Include="Library\include\utils\logging\message.h">
      <Filter>Library\logging</Filter>
    </ClInclude>
    <ClInclude Include="Library\include\utils\math\angle.h">
      <Filter>Library\math</Filter>
    </ClInclude>
    <ClInclude Include="Library\include\utils\math\average.h">
      <Filter>Library\math</Filter>
    </ClInclude>
    <ClInclude Include="Library\include\utils\math\constants.h">
      <Filter>Library\math</Filter>
    </ClInclude>
    <ClInclude Include="Library\include\utils\math\easings.h">
      <Filter>Library\math</Filter>
    </ClInclude>
    <ClInclude Include="Library\include\utils\math\identity_numbers.h">
      <Filter>Library\math</Filter>
    </ClInclude>
    <ClInclude Include="Library\include\utils\math\mat.h">
      <Filter>Library\math</Filter>
    </ClInclude>
    <ClInclude Include="Library\include\utils\math\math.h">
      <Filter>Library\math</Filter>
    </ClInclude>
    <ClInclude Include="Library\include\utils\math\ranged.h">
      <Filter>Library\math</Filter>
    </ClInclude>
    <ClInclude Include="Library\include\utils\math\rect.h">
      <Filter>Library\math</Filter>
    </ClInclude>
    <ClInclude Include="Library\include\utils\math\transform2.h">
      <Filter>Library\math</Filter>
    </ClInclude>
    <ClInclude Include="Library\include\utils\math\vec.h">
      <Filter>Library\math</Filter>
    </ClInclude>
    <ClInclude Include="Library\include\utils\math\geometry\all.h">
      <Filter>Library\math\geometry</Filter>
    </ClInclude>
    <ClInclude Include="Library\include\utils\math\geometry\group.h">
      <Filter>Library\math\geometry</Filter>
    </ClInclude>
    <ClInclude Include="Library\include\utils\math\geometry\shapes.h">
      <Filter>Library\math\geometry</Filter>
    </ClInclude>
    <ClInclude Include="Library\include\utils\math\geometry\details\base_types.h">
      <Filter>Library\math\geometry\details</Filter>
    </ClInclude>
    <ClInclude Include="Library\include\utils\oop\counting.h">
      <Filter>Library\oop</Filter>
    </ClInclude>
    <ClInclude Include="Library\include\utils\oop\crtp.h">
      <Filter>Library\oop</Filter>
    </ClInclude>
    <ClInclude Include="Library\include\utils\oop\disable_move_copy.h">
      <Filter>Library\oop</Filter>
    </ClInclude>
    <ClInclude Include="Library\include\utils\oop\virtual.h">
      <Filter>Library\oop</Filter>
    </ClInclude>
    <ClInclude Include="Library\include\utils\oop\conditional_inheritance.h">
      <Filter>Library\oop</Filter>
    </ClInclude>
    <ClInclude Include="Library\include\utils\output\vec.h">
      <Filter>Library\output</Filter>
    </ClInclude>
    <ClInclude Include="Library\include\utils\output\std_containers.h">
      <Filter>Library\output</Filter>
    </ClInclude>
    <ClInclude Include="Library\include\utils\third_party\magic_enum.h">
      <Filter>Library\third_party</Filter>
    </ClInclude>
    <ClInclude Include="Library\include\utils\third_party\polymorphic_value.h">
      <Filter>Library\third_party</Filter>
    </ClInclude>
    <ClInclude Include="Library\include\utils\third_party\stb_image.h">
      <Filter>Library\third_party</Filter>
    </ClInclude>
    <ClInclude Include="Library\include\utils\third_party\stb_image_write.h">
      <Filter>Library\third_party</Filter>
    </ClInclude>
    <ClInclude Include="Library\include\utils\third_party\concurrentqueue.h">
      <Filter>Library\third_party</Filter>
    </ClInclude>
    <ClInclude Include="Library\include\utils\third_party\jc_voronoi.h">
      <Filter>Library\third_party</Filter>
    </ClInclude>
    <ClInclude Include="Library\include\utils\math\geometry\shape\all.h">
      <Filter>Library\math\geometry\shape</Filter>
    </ClInclude>
    <ClInclude Include="Library\include\utils\alignment.h">
      <Filter>Library</Filter>
    </ClInclude>
    <ClInclude Include="Library\include\utils\clock.h">
      <Filter>Library</Filter>
    </ClInclude>
    <ClInclude Include="Library\include\utils\concepts.h">
      <Filter>Library</Filter>
    </ClInclude>
    <ClInclude Include="Library\include\utils\construct.h">
      <Filter>Library</Filter>
    </ClInclude>
    <ClInclude Include="Library\include\utils\enum.h">
      <Filter>Library</Filter>
    </ClInclude>
    <ClInclude Include="Library\include\utils\flags.h">
      <Filter>Library</Filter>
    </ClInclude>
    <ClInclude Include="Library\include\utils\future.h">
      <Filter>Library</Filter>
    </ClInclude>
    <ClInclude Include="Library\include\utils\hash.h">
      <Filter>Library</Filter>
    </ClInclude>
    <ClInclude Include="Library\include\utils\id_pool.h">
      <Filter>Library</Filter>
    </ClInclude>
    <ClInclude Include="Library\include\utils\index_range.h">
      <Filter>Library</Filter>
    </ClInclude>
    <ClInclude Include="Library\include\utils\matrix_interface.h">
      <Filter>Library</Filter>
    </ClInclude>
    <ClInclude Include="Library\include\utils\memory.h">
      <Filter>Library</Filter>
    </ClInclude>
    <ClInclude Include="Library\include\utils\name.h">
      <Filter>Library</Filter>
    </ClInclude>
    <ClInclude Include="Library\include\utils\one_time_tasks.h">
      <Filter>Library</Filter>
    </ClInclude>
    <ClInclude Include="Library\include\utils\polymorphic_value.h">
      <Filter>Library</Filter>
    </ClInclude>
    <ClInclude Include="Library\include\utils\storage.h">
      <Filter>Library</Filter>
    </ClInclude>
    <ClInclude Include="Library\include\utils\string.h">
      <Filter>Library</Filter>
    </ClInclude>
    <ClInclude Include="Library\include\utils\thread_pool.h">
      <Filter>Library</Filter>
    </ClInclude>
    <ClInclude Include="Library\include\utils\tracking.h">
      <Filter>Library</Filter>
    </ClInclude>
    <ClInclude Include="Library\include\utils\try_opt.h">
      <Filter>Library</Filter>
    </ClInclude>
    <ClInclude Include="Library\include\utils\variadic.h">
      <Filter>Library</Filter>
    </ClInclude>
    <ClInclude Include="Library\include\utils\variant.h">
      <Filter>Library</Filter>
    </ClInclude>
    <ClInclude Include="Library\include\utils\wrapper.h">
      <Filter>Library</Filter>
    </ClInclude>
    <ClInclude Include="Library\include\utils\template\optional.h">
      <Filter>Library\template</Filter>
    </ClInclude>
    <ClInclude Include="Library\include\utils\template\string.h">
      <Filter>Library\template</Filter>
    </ClInclude>
    <ClInclude Include="Library\include\utils\graphics\multisampling.h">
      <Filter>Library\graphics</Filter>
    </ClInclude>
    <ClInclude Include="Library\include\utils\math\geometry\shape\declaration\all.h">
      <Filter>Library\math\geometry\shape\declaration</Filter>
    </ClInclude>
    <ClInclude Include="Library\include\utils\math\geometry\shape\declaration\bezier.h">
      <Filter>Library\math\geometry\shape\declaration</Filter>
    </ClInclude>
    <ClInclude Include="Library\include\utils\math\geometry\shape\declaration\capsule.h">
      <Filter>Library\math\geometry\shape\declaration</Filter>
    </ClInclude>
    <ClInclude Include="Library\include\utils\math\geometry\shape\declaration\circle.h">
      <Filter>Library\math\geometry\shape\declaration</Filter>
    </ClInclude>
    <ClInclude Include="Library\include\utils\math\geometry\shape\declaration\mixed.h">
      <Filter>Library\math\geometry\shape\declaration</Filter>
    </ClInclude>
    <ClInclude Include="Library\include\utils\math\geometry\shape\declaration\point.h">
      <Filter>Library\math\geometry\shape\declaration</Filter>
    </ClInclude>
    <ClInclude Include="Library\include\utils\math\geometry\shape\declaration\polyline.h">
      <Filter>Library\math\geometry\shape\declaration</Filter>
    </ClInclude>
    <ClInclude Include="Library\include\utils\math\geometry\shape\declaration\vertices.h">
      <Filter>Library\math\geometry\shape\declaration</Filter>
    </ClInclude>
    <ClInclude Include="Library\include\utils\math\geometry\shape\declaration\aabb.h">
      <Filter>Library\math\geometry\shape\declaration</Filter>
    </ClInclude>
    <ClInclude Include="Library\include\utils\math\geometry\shape\declaration\ab.h">
      <Filter>Library\math\geometry\shape\declaration</Filter>
    </ClInclude>
    <ClInclude Include="Library\include\utils\math\geometry\shape\aabb.h">
      <Filter>Library\math\geometry\shape</Filter>
    </ClInclude>
    <ClInclude Include="Library\include\utils\math\geometry\shape\ab.h">
      <Filter>Library\math\geometry\shape</Filter>
    </ClInclude>
    <ClInclude Include="Library\include\utils\math\geometry\shape\bezier.h">
      <Filter>Library\math\geometry\shape</Filter>
    </ClInclude>
    <ClInclude Include="Library\include\utils\math\geometry\shape\capsule.h">
      <Filter>Library\math\geometry\shape</Filter>
    </ClInclude>
    <ClInclude Include="Library\include\utils\math\geometry\shape\circle.h">
      <Filter>Library\math\geometry\shape</Filter>
    </ClInclude>
    <ClInclude Include="Library\include\utils\math\geometry\shape\mixed.h">
      <Filter>Library\math\geometry\shape</Filter>
    </ClInclude>
    <ClInclude Include="Library\include\utils\math\geometry\shape\point.h">
      <Filter>Library\math\geometry\shape</Filter>
    </ClInclude>
    <ClInclude Include="Library\include\utils\math\geometry\shape\polyline.h">
      <Filter>Library\math\geometry\shape</Filter>
    </ClInclude>
    <ClInclude Include="Library\include\utils\math\geometry\shape\vertices.h">
      <Filter>Library\math\geometry\shape</Filter>
    </ClInclude>
    <ClInclude Include="Library\include\utils\compilation\inline.h">
      <Filter>Library\compilation</Filter>
    </ClInclude>
    <ClInclude Include="Library\include\utils\matrix.h">
      <Filter>Library</Filter>
    </ClInclude>
    <ClInclude Include="Library\include\utils\graphics\sdf.h">
      <Filter>Library\graphics</Filter>
    </ClInclude>
    <ClInclude Include="Library\include\utils\math\geometry\shape\dynamic.h">
      <Filter>Library\math\geometry\shape</Filter>
    </ClInclude>
    <ClInclude Include="Library\include\utils\containers\regions.h">
      <Filter>Library\containers</Filter>
    </ClInclude>
    <ClInclude Include="Library\include\utils\math\geometry\sdf.h">
      <Filter>Library\math\geometry</Filter>
    </ClInclude>
    <ClInclude Include="Library\include\utils\math\geometry\shape\polycurve.h">
      <Filter>Library\math\geometry\shape</Filter>
    </ClInclude>
    <ClInclude Include="Library\include\utils\math\geometry\shape\declaration\polycurve.h">
      <Filter>Library\math\geometry\shape\declaration</Filter>
    </ClInclude>
    <ClInclude Include="Library\include\utils\math\details\vec\4.h">
      <Filter>Library\math\details\vec</Filter>
    </ClInclude>
    <ClInclude Include="Library\include\utils\math\details\vec\all.h">
      <Filter>Library\math\details\vec</Filter>
    </ClInclude>
    <ClInclude Include="Library\include\utils\math\details\vec\common.h">
      <Filter>Library\math\details\vec</Filter>
    </ClInclude>
    <ClInclude Include="Library\include\utils\math\details\vec\2.h">
      <Filter>Library\math\details\vec</Filter>
    </ClInclude>
    <ClInclude Include="Library\include\utils\math\details\vec\3.h">
      <Filter>Library\math\details\vec</Filter>
    </ClInclude>
    <ClInclude Include="Library\include\utils\details\warnings_post.inline.h">
      <Filter>Library\details</Filter>
    </ClInclude>
    <ClInclude Include="Library\include\utils\details\warnings_pre.inline.h">
      <Filter>Library\details</Filter>
    </ClInclude>
    <ClInclude Include="Library\include\utils\math\geometry\interactions\common.h">
      <Filter>Library\math\geometry\interactions</Filter>
    </ClInclude>
    <ClInclude Include="Library\include\utils\math\geometry\interactions\ab_bezier.h">
      <Filter>Library\math\geometry\interactions</Filter>
    </ClInclude>
    <ClInclude Include="Library\include\utils\math\geometry\interactions\all.h">
      <Filter>Library\math\geometry\interactions</Filter>
    </ClInclude>
    <ClInclude Include="Library\include\utils\math\geometry\interactions\bezier_bezier.h">
      <Filter>Library\math\geometry\interactions</Filter>
    </ClInclude>
    <ClInclude Include="Library\include\utils\math\geometry\sdf\aabb.h">
      <Filter>Library\math\geometry\sdf</Filter>
    </ClInclude>
    <ClInclude Include="Library\include\utils\math\geometry\sdf\ab.h">
      <Filter>Library\math\geometry\sdf</Filter>
    </ClInclude>
    <ClInclude Include="Library\include\utils\math\geometry\sdf\all.h">
      <Filter>Library\math\geometry\sdf</Filter>
    </ClInclude>
    <ClInclude Include="Library\include\utils\math\geometry\sdf\bezier.h">
      <Filter>Library\math\geometry\sdf</Filter>
    </ClInclude>
    <ClInclude Include="Library\include\utils\math\geometry\sdf\capsule.h">
      <Filter>Library\math\geometry\sdf</Filter>
    </ClInclude>
    <ClInclude Include="Library\include\utils\math\geometry\sdf\circle.h">
      <Filter>Library\math\geometry\sdf</Filter>
    </ClInclude>
    <ClInclude Include="Library\include\utils\math\geometry\sdf\mixed.h">
      <Filter>Library\math\geometry\sdf</Filter>
    </ClInclude>
    <ClInclude Include="Library\include\utils\math\geometry\sdf\point.h">
      <Filter>Library\math\geometry\sdf</Filter>
    </ClInclude>
    <ClInclude Include="Library\include\utils\math\geometry\sdf\polyline.h">
      <Filter>Library\math\geometry\sdf</Filter>
    </ClInclude>
    <ClInclude Include="Library\include\utils\math\geometry\sdf\bezier\all.h">
      <Filter>Library\math\geometry\sdf\bezier</Filter>
    </ClInclude>
    <ClInclude Include="Library\include\utils\math\geometry\sdf\bezier\other.h">
      <Filter>Library\math\geometry\sdf\bezier</Filter>
    </ClInclude>
    <ClInclude Include="Library\include\utils\math\geometry\sdf\bezier\3pt.h">
      <Filter>Library\math\geometry\sdf\bezier</Filter>
    </ClInclude>
    <ClInclude Include="Library\include\utils\math\geometry\sdf\bezier\4pt.h">
      <Filter>Library\math\geometry\sdf\bezier</Filter>
    </ClInclude>
    <ClInclude Include="Library\include\utils\math\geometry\bounds\common.h">
      <Filter>Library\math\geometry\bounds</Filter>
    </ClInclude>
    <ClInclude Include="Library\include\utils\math\geometry\bounds\common_declaration.inline.h">
      <Filter>Library\math\geometry\bounds</Filter>
    </ClInclude>
    <ClInclude Include="Library\include\utils\math\geometry\bounds\mixed.h">
      <Filter>Library\math\geometry\bounds</Filter>
    </ClInclude>
    <ClInclude Include="Library\include\utils\math\geometry\bounds\point.h">
      <Filter>Library\math\geometry\bounds</Filter>
    </ClInclude>
    <ClInclude Include="Library\include\utils\math\geometry\bounds\polyline.h">
      <Filter>Library\math\geometry\bounds</Filter>
    </ClInclude>
    <ClInclude Include="Library\include\utils\math\geometry\bounds\aabb.h">
      <Filter>Library\math\geometry\bounds</Filter>
    </ClInclude>
    <ClInclude Include="Library\include\utils\math\geometry\bounds\ab.h">
      <Filter>Library\math\geometry\bounds</Filter>
    </ClInclude>
    <ClInclude Include="Library\include\utils\math\geometry\bounds\all.h">
      <Filter>Library\math\geometry\bounds</Filter>
    </ClInclude>
    <ClInclude Include="Library\include\utils\math\geometry\bounds\bezier.h">
      <Filter>Library\math\geometry\bounds</Filter>
    </ClInclude>
    <ClInclude Include="Library\include\utils\math\geometry\bounds\capsule.h">
      <Filter>Library\math\geometry\bounds</Filter>
    </ClInclude>
    <ClInclude Include="Library\include\utils\math\geometry\bounds\circle.h">
      <Filter>Library\math\geometry\bounds</Filter>
    </ClInclude>
    <ClInclude Include="Library\include\utils\math\geometry\transform\common.h">
      <Filter>Library\math\geometry\transform</Filter>
    </ClInclude>
    <ClInclude Include="Library\include\utils\math\geometry\transform\common_declaration.inline.h">
      <Filter>Library\math\geometry\transform</Filter>
    </ClInclude>
    <ClInclude Include="Library\include\utils\math\geometry\transform\point.h">
      <Filter>Library\math\geometry\transform</Filter>
    </ClInclude>
    <ClInclude Include="Library\include\utils\math\geometry\transform\vertices.h">
      <Filter>Library\math\geometry\transform</Filter>
    </ClInclude>
    <ClInclude Include="Library\include\utils\math\geometry\transform\aabb.h">
      <Filter>Library\math\geometry\transform</Filter>
    </ClInclude>
    <ClInclude Include="Library\include\utils\math\geometry\transform\ab.h">
      <Filter>Library\math\geometry\transform</Filter>
    </ClInclude>
    <ClInclude Include="Library\include\utils\math\geometry\transform\all.h">
      <Filter>Library\math\geometry\transform</Filter>
    </ClInclude>
    <ClInclude Include="Library\include\utils\math\geometry\transform\capsule.h">
      <Filter>Library\math\geometry\transform</Filter>
    </ClInclude>
    <ClInclude Include="Library\include\utils\math\geometry\transform\circle.h">
      <Filter>Library\math\geometry\transform</Filter>
    </ClInclude>
    <ClInclude Include="Library\include\utils\math\geometry\transform.h">
      <Filter>Library\math\geometry</Filter>
    </ClInclude>
    <ClInclude Include="Library\include\utils\math\geometry\bounds.h">
      <Filter>Library\math\geometry</Filter>
    </ClInclude>
    <ClInclude Include="Library\include\utils\math\geometry\sdf\common_declaration.h">
      <Filter>Library\math\geometry\sdf</Filter>
    </ClInclude>
    <ClInclude Include="Library\include\utils\math\geometry\sdf\common.h">
      <Filter>Library\math\geometry\sdf</Filter>
    </ClInclude>
    <ClInclude Include="Library\include\utils\math\geometry\interactions\ab_ab.h">
      <Filter>Library\math\geometry\interactions</Filter>
    </ClInclude>
    <ClInclude Include="Library\include\utils\math\geometry\sdf\composite.h">
      <Filter>Library\math\geometry\sdf</Filter>
    </ClInclude>
    <ClInclude Include="Library\include\utils\logging\progress_bar.h">
      <Filter>Library\logging</Filter>
    </ClInclude>
    <ClInclude Include="Library\include\utils\oop\proxy.h">
      <Filter>Library\oop</Filter>
    </ClInclude>
    <ClInclude Include="Library\include\utils\containers\vector_of_owner_aware.h">
      <Filter>Library\containers</Filter>
    </ClInclude>
    <ClInclude Include="Library\include\utils\containers\aggregate_regions.h">
      <Filter>Library\containers</Filter>
    </ClInclude>
    <ClInclude Include="Library\include\utils\aggregate.h">
      <Filter>Library</Filter>
    </ClInclude>
    <ClInclude Include="Library\include\utils\optional.h">
      <Filter>Library</Filter>
    </ClInclude>
    <ClInclude Include="Library\include\utils\math\geometry\shape\declaration\dynamic.h">
      <Filter>Library\math\geometry\shape\declaration</Filter>
    </ClInclude>
    <ClInclude Include="Library\include\utils\math\geometry\sdf\dynamic.h">
      <Filter>Library\math\geometry\sdf</Filter>
    </ClInclude>
    <ClInclude Include="Library\include\utils\algorithm\for_each.h">
      <Filter>Library\algorithm</Filter>
    </ClInclude>
    <ClInclude Include="Library\include\utils\graphics\dpi_conversions.h">
      <Filter>Library\graphics</Filter>
    </ClInclude>
    <ClInclude Include="Library\include\utils\math\geometry\shape\shapes_group.h">
      <Filter>Library\math\geometry\shape</Filter>
    </ClInclude>
  </ItemGroup>
  <ItemGroup>
    <Natvis Include="vec.natvis" />
  </ItemGroup>
  <ItemGroup>
    <None Include="cpp.hint" />
  </ItemGroup>
</Project>