<?xml version="1.0" encoding="utf-8"?>
<Project ToolsVersion="4.0" xmlns="http://schemas.microsoft.com/developer/msbuild/2003">
  <ItemGroup>
    <Filter Include="Source Files">
      <UniqueIdentifier>{4FC737F1-C7A5-4376-A066-2A32D752A2FF}</UniqueIdentifier>
      <Extensions>cpp;c;cc;cxx;c++;cppm;ixx;def;odl;idl;hpj;bat;asm;asmx</Extensions>
    </Filter>
    <Filter Include="Beta">
      <UniqueIdentifier>{9c42cfdd-7d7a-4381-8f9c-08590ea61584}</UniqueIdentifier>
    </Filter>
    <Filter Include="Utils">
      <UniqueIdentifier>{14fda5b3-7e80-4148-bdc3-599502fc01fb}</UniqueIdentifier>
    </Filter>
    <Filter Include="Utils\compilation">
      <UniqueIdentifier>{e3365c61-f688-4e19-b2cc-5646264d74d6}</UniqueIdentifier>
    </Filter>
    <Filter Include="Utils\console">
      <UniqueIdentifier>{0f9ff369-2642-46ad-86d7-c31e1375a012}</UniqueIdentifier>
    </Filter>
    <Filter Include="Utils\containers">
      <UniqueIdentifier>{fca3cf14-c1e3-424c-9697-ee8f2f85cab1}</UniqueIdentifier>
    </Filter>
    <Filter Include="Utils\containers\memberwise_operators">
      <UniqueIdentifier>{7fa32045-637e-406d-b6e8-bee55ec114ac}</UniqueIdentifier>
    </Filter>
    <Filter Include="Utils\containers\hive">
      <UniqueIdentifier>{554a512e-fd5c-4fb1-a9ef-8fc722a43ab0}</UniqueIdentifier>
    </Filter>
    <Filter Include="Utils\output">
      <UniqueIdentifier>{d4632c88-329e-431a-a065-6263af4d1628}</UniqueIdentifier>
    </Filter>
    <Filter Include="Utils\math">
      <UniqueIdentifier>{2b48f215-9162-4760-a577-bf15c8e1e403}</UniqueIdentifier>
    </Filter>
    <Filter Include="Utils\math\geometry">
      <UniqueIdentifier>{b522fefe-7c38-4bd8-aa57-1c7fdf7948a5}</UniqueIdentifier>
    </Filter>
    <Filter Include="Utils\details">
      <UniqueIdentifier>{a4c6619d-f6a2-431b-9217-8523b8125c16}</UniqueIdentifier>
    </Filter>
    <Filter Include="Utils\graphics">
      <UniqueIdentifier>{b3f67c0a-6ee7-4b09-af2c-49c239bd3ff0}</UniqueIdentifier>
    </Filter>
    <Filter Include="Beta\containers">
      <UniqueIdentifier>{2a958667-309e-4493-836a-ecffa05fef2c}</UniqueIdentifier>
    </Filter>
    <Filter Include="Beta\containers\hive">
      <UniqueIdentifier>{a6d5cc8d-35eb-449d-8021-c27a17b95748}</UniqueIdentifier>
    </Filter>
    <Filter Include="Utils\containers\multithreading">
      <UniqueIdentifier>{aee5b14c-b39c-4407-8266-0366b7f38944}</UniqueIdentifier>
    </Filter>
    <Filter Include="Utils\oop">
      <UniqueIdentifier>{e933390c-bf5a-49d8-8671-fa9c474cde98}</UniqueIdentifier>
    </Filter>
  </ItemGroup>
  <ItemGroup>
    <ClInclude Include="include\utils\concepts.h">
      <Filter>Utils</Filter>
    </ClInclude>
    <ClInclude Include="include\utils\compilation\debug.h">
      <Filter>Utils\compilation</Filter>
    </ClInclude>
    <ClInclude Include="include\utils\compilation\OS.h">
      <Filter>Utils\compilation</Filter>
    </ClInclude>
    <ClInclude Include="include\utils\console\io.h">
      <Filter>Utils\console</Filter>
    </ClInclude>
    <ClInclude Include="include\utils\console\colour.h">
      <Filter>Utils\console</Filter>
    </ClInclude>
    <ClInclude Include="include\utils\output\std_containers.h">
      <Filter>Utils\output</Filter>
    </ClInclude>
    <ClInclude Include="include\utils\math\identity_numbers.h">
      <Filter>Utils\math</Filter>
    </ClInclude>
    <ClInclude Include="include\utils\containers\memberwise_operators_array.h">
      <Filter>Utils\containers</Filter>
    </ClInclude>
    <ClInclude Include="include\utils\math\math.h">
      <Filter>Utils\math</Filter>
    </ClInclude>
    <ClInclude Include="include\utils\math\vec.h">
      <Filter>Utils\math</Filter>
    </ClInclude>
    <ClInclude Include="include\utils\math\vec2.h">
      <Filter>Utils\math</Filter>
    </ClInclude>
    <ClInclude Include="include\utils\math\vec3.h">
      <Filter>Utils\math</Filter>
    </ClInclude>
    <ClInclude Include="include\utils\math\angle.h">
      <Filter>Utils\math</Filter>
    </ClInclude>
    <ClInclude Include="include\utils\math\constants.h">
      <Filter>Utils\math</Filter>
    </ClInclude>
    <ClInclude Include="include\utils\graphics\colour.h">
      <Filter>Utils\graphics</Filter>
    </ClInclude>
    <ClInclude Include="include\utils\math\geometry\continuous_interactions.h">
      <Filter>Utils\math\geometry</Filter>
    </ClInclude>
    <ClInclude Include="include\utils\math\geometry\continuous_point.h">
      <Filter>Utils\math\geometry</Filter>
    </ClInclude>
    <ClInclude Include="include\utils\math\geometry\interactions.h">
      <Filter>Utils\math\geometry</Filter>
    </ClInclude>
    <ClInclude Include="include\utils\math\geometry\point.h">
      <Filter>Utils\math\geometry</Filter>
    </ClInclude>
    <ClInclude Include="include\utils\math\geometry\polygon.h">
      <Filter>Utils\math\geometry</Filter>
    </ClInclude>
    <ClInclude Include="include\utils\math\geometry\segment.h">
      <Filter>Utils\math\geometry</Filter>
    </ClInclude>
    <ClInclude Include="include\utils\math\geometry\shapes.h">
      <Filter>Utils\math\geometry</Filter>
    </ClInclude>
    <ClInclude Include="include\utils\math\geometry\shapes_continuous.h">
      <Filter>Utils\math\geometry</Filter>
    </ClInclude>
    <ClInclude Include="include\utils\math\geometry\shapes_discrete.h">
      <Filter>Utils\math\geometry</Filter>
    </ClInclude>
    <ClInclude Include="include\utils\math\geometry\transformations.h">
      <Filter>Utils\math\geometry</Filter>
    </ClInclude>
    <ClInclude Include="include\utils\math\geometry\aabb.h">
      <Filter>Utils\math\geometry</Filter>
    </ClInclude>
    <ClInclude Include="include\utils\math\geometry\circle.h">
      <Filter>Utils\math\geometry</Filter>
    </ClInclude>
    <ClInclude Include="include\utils\math\average.h">
      <Filter>Utils\math</Filter>
    </ClInclude>
    <ClInclude Include="include\utils\math\easings.h">
      <Filter>Utils\math</Filter>
    </ClInclude>
    <ClInclude Include="include\utils\enum.h">
      <Filter>Utils</Filter>
    </ClInclude>
    <ClInclude Include="include\utils\memory.h">
      <Filter>Utils</Filter>
    </ClInclude>
    <ClInclude Include="include\utils\message.h">
      <Filter>Utils</Filter>
    </ClInclude>
    <ClInclude Include="include\utils\logger.h">
      <Filter>Utils</Filter>
    </ClInclude>
    <ClInclude Include="include\utils\id_pool.h">
      <Filter>Utils</Filter>
    </ClInclude>
    <ClInclude Include="include\utils\containers\flat_set.h">
      <Filter>Utils\containers</Filter>
    </ClInclude>
    <ClInclude Include="include\utils\containers\handled_container.h">
      <Filter>Utils\containers</Filter>
    </ClInclude>
    <ClInclude Include="include\utils\containers\buffer.h">
      <Filter>Utils\containers</Filter>
    </ClInclude>
    <ClInclude Include="include\utils\string.h">
      <Filter>Utils</Filter>
    </ClInclude>
    <ClInclude Include="include\utils\tracking.h">
      <Filter>Utils</Filter>
    </ClInclude>
    <ClInclude Include="include\utils\wrapper.h">
      <Filter>Utils</Filter>
    </ClInclude>
    <ClInclude Include="include\utils\variadic.h">
      <Filter>Utils</Filter>
    </ClInclude>
    <ClInclude Include="include\utils\variant.h">
      <Filter>Utils</Filter>
    </ClInclude>
    <ClInclude Include="include\utils\containers\matrix.h">
      <Filter>Utils\containers</Filter>
    </ClInclude>
    <ClInclude Include="include\utils\containers\matrix_dyn.h">
      <Filter>Utils\containers</Filter>
    </ClInclude>
    <ClInclude Include="include\utils\math\transform2.h">
      <Filter>Utils\math</Filter>
    </ClInclude>
    <ClInclude Include="include\utils\discard.h">
      <Filter>Utils</Filter>
    </ClInclude>
    <ClInclude Include="include\utils\containers\matrix_memory_layout.h">
      <Filter>Utils\containers</Filter>
    </ClInclude>
    <ClInclude Include="include\utils\containers\memberwise_operators\seq.h">
      <Filter>Utils\containers\memberwise_operators</Filter>
    </ClInclude>
    <ClInclude Include="include\utils\containers\memberwise_operators\par.h">
      <Filter>Utils\containers\memberwise_operators</Filter>
    </ClInclude>
    <ClInclude Include="include\utils\containers\memberwise_operators\concepts.h">
      <Filter>Utils\containers\memberwise_operators</Filter>
    </ClInclude>
    <ClInclude Include="include\utils\try_opt.h">
      <Filter>Utils</Filter>
    </ClInclude>
    <ClInclude Include="include\utils\containers\flat_map.h">
      <Filter>Utils\containers</Filter>
    </ClInclude>
    <ClInclude Include="include\utils\containers\polymorphic_access_container.h">
      <Filter>Utils\containers</Filter>
    </ClInclude>
    <ClInclude Include="include\utils\containers\polymorphic_container.h">
      <Filter>Utils\containers</Filter>
    </ClInclude>
    <ClInclude Include="include\utils\polymorphic_value.h">
      <Filter>Utils</Filter>
    </ClInclude>
    <ClInclude Include="include\utils\containers\multitype_container.h">
      <Filter>Utils\containers</Filter>
    </ClInclude>
    <ClInclude Include="include\utils\construct.h">
      <Filter>Utils</Filter>
    </ClInclude>
    <ClInclude Include="include\utils\containers\storage_for.h">
      <Filter>Utils\containers</Filter>
    </ClInclude>
    <ClInclude Include="include\utils\containers\multihandled.h">
      <Filter>Utils\containers</Filter>
    </ClInclude>
    <ClInclude Include="include\utils\containers\multihandled_default.h">
      <Filter>Utils\containers</Filter>
    </ClInclude>
    <ClInclude Include="include\utils\containers\hive\next.h">
      <Filter>Utils\containers\hive</Filter>
    </ClInclude>
    <ClInclude Include="include\utils\containers\hive\skipfield.h">
      <Filter>Utils\containers\hive</Filter>
    </ClInclude>
    <ClInclude Include="include\utils\beta\containers\hive\pool.h">
      <Filter>Beta\containers\hive</Filter>
    </ClInclude>
    <ClInclude Include="include\utils\containers\linked_vector.h">
      <Filter>Utils\containers</Filter>
    </ClInclude>
    <ClInclude Include="include\utils\containers\segmented_vector.h">
      <Filter>Utils\containers</Filter>
    </ClInclude>
    <ClInclude Include="include\utils\containers\multithreading\multiqueue_consumer.h">
      <Filter>Utils\containers\multithreading</Filter>
    </ClInclude>
    <ClInclude Include="include\utils\containers\multithreading\consumable_queue.h">
      <Filter>Utils\containers\multithreading</Filter>
    </ClInclude>
    <ClInclude Include="include\utils\containers\multithreading\self_consuming_queue.h">
      <Filter>Utils\containers\multithreading</Filter>
    </ClInclude>
    <ClInclude Include="include\utils\containers\multithreading\producer_consumer_queue.h">
      <Filter>Utils\containers\multithreading</Filter>
    </ClInclude>
    <ClInclude Include="include\utils\containers\multithreading\consumption_delegating_queue.h">
      <Filter>Utils\containers\multithreading</Filter>
    </ClInclude>
    <ClInclude Include="include\utils\containers\multithreading\operations_flags.h">
      <Filter>Utils\containers\multithreading</Filter>
    </ClInclude>
    <ClInclude Include="include\utils\flags.h">
      <Filter>Utils</Filter>
    </ClInclude>
    <ClInclude Include="include\utils\containers\std_hash.h">
      <Filter>Utils\containers</Filter>
    </ClInclude>
    <ClInclude Include="include\utils\containers\multithreading\concurrent_queue.h">
      <Filter>Utils\containers\multithreading</Filter>
    </ClInclude>
    <ClInclude Include="include\utils\thread_pool.h">
      <Filter>Utils</Filter>
    </ClInclude>
    <ClInclude Include="include\utils\containers\multihandled_unsafe.h">
      <Filter>Utils\containers</Filter>
    </ClInclude>
    <ClInclude Include="include\utils\containers\multihandled_default_old.h">
      <Filter>Utils\containers</Filter>
    </ClInclude>
    <ClInclude Include="include\utils\future.h">
      <Filter>Utils</Filter>
    </ClInclude>
    <ClInclude Include="include\utils\math\rect.h">
      <Filter>Utils\math</Filter>
    </ClInclude>
    <ClInclude Include="include\utils\clock.h">
      <Filter>Utils</Filter>
    </ClInclude>
    <ClInclude Include="include\utils\one_time_tasks.h">
      <Filter>Utils</Filter>
    </ClInclude>
    <ClInclude Include="include\utils\index_range.h">
      <Filter>Utils</Filter>
    </ClInclude>
    <ClInclude Include="include\utils\oop\counting.h">
      <Filter>Utils\oop</Filter>
    </ClInclude>
    <ClInclude Include="include\utils\oop\virtual.h">
      <Filter>Utils\oop</Filter>
    </ClInclude>
  </ItemGroup>
  <ItemGroup>
    <ClCompile Include="quick_tests.cpp">
      <Filter>Source Files</Filter>
    </ClCompile>
  </ItemGroup>
</Project>