<?xml version="1.0" encoding="utf-8"?>
<Project ToolsVersion="4.0" xmlns="http://schemas.microsoft.com/developer/msbuild/2003">
  <ItemGroup>
    <Filter Include="Source Files">
      <UniqueIdentifier>{4FC737F1-C7A5-4376-A066-2A32D752A2FF}</UniqueIdentifier>
      <Extensions>cpp;c;cc;cxx;c++;cppm;ixx;def;odl;idl;hpj;bat;asm;asmx</Extensions>
    </Filter>
    <Filter Include="Resource Files">
      <UniqueIdentifier>{67DA6AB6-F800-4c08-8B7A-83BB121AAD01}</UniqueIdentifier>
      <Extensions>rc;ico;cur;bmp;dlg;rc2;rct;bin;rgs;gif;jpg;jpeg;jpe;resx;tiff;tif;png;wav;mfcribbon-ms</Extensions>
    </Filter>
    <Filter Include="Files">
      <UniqueIdentifier>{93995380-89BD-4b04-88EB-625FBE52EBFB}</UniqueIdentifier>
      <Extensions>h;hh;hpp;hxx;h++;hm;inl;inc;ipp;xsd</Extensions>
    </Filter>
    <Filter Include="Files\containers">
      <UniqueIdentifier>{971bbe1d-6218-433f-8e31-a35ee9a022c1}</UniqueIdentifier>
    </Filter>
    <Filter Include="Files\math">
      <UniqueIdentifier>{bb64e2ba-6e4a-46e2-bf52-75dcd63c1e94}</UniqueIdentifier>
    </Filter>
    <Filter Include="Files\math\geomtry">
      <UniqueIdentifier>{79610ac4-bf12-4770-b969-df21470748d7}</UniqueIdentifier>
    </Filter>
    <Filter Include="Files\algorithm">
      <UniqueIdentifier>{46d13cc9-4a98-44b4-af27-31ab5477cec6}</UniqueIdentifier>
    </Filter>
    <Filter Include="Files\compilation">
      <UniqueIdentifier>{12c89e0f-43ef-4304-a8b5-4d4daa8a6723}</UniqueIdentifier>
    </Filter>
    <Filter Include="Files\graphics">
      <UniqueIdentifier>{191ce12c-9a9a-4768-a301-d4c75da0aa1a}</UniqueIdentifier>
    </Filter>
  </ItemGroup>
  <ItemGroup>
    <ClInclude Include="include\utils\cout_containers.h">
      <Filter>Files</Filter>
    </ClInclude>
    <ClInclude Include="include\utils\cout_utilities.h">
      <Filter>Files</Filter>
    </ClInclude>
    <ClInclude Include="include\utils\definitions.h">
      <Filter>Files</Filter>
    </ClInclude>
    <ClInclude Include="include\utils\logger.h">
      <Filter>Files</Filter>
    </ClInclude>
    <ClInclude Include="include\utils\memory.h">
      <Filter>Files</Filter>
    </ClInclude>
    <ClInclude Include="include\utils\variadic.h">
      <Filter>Files</Filter>
    </ClInclude>
    <ClInclude Include="include\utils\math\constants.h">
      <Filter>Files\math</Filter>
    </ClInclude>
    <ClInclude Include="include\utils\math\math.h">
      <Filter>Files\math</Filter>
    </ClInclude>
    <ClInclude Include="include\utils\message.h">
      <Filter>Files</Filter>
    </ClInclude>
    <ClInclude Include="include\utils\algorithm\containers.h">
      <Filter>Files\algorithm</Filter>
    </ClInclude>
    <ClInclude Include="include\utils\polymorphic_value.h">
      <Filter>Files</Filter>
    </ClInclude>
    <ClInclude Include="include\utils\tracking.h">
      <Filter>Files</Filter>
    </ClInclude>
    <ClInclude Include="include\utils\wrapper.h">
      <Filter>Files</Filter>
    </ClInclude>
    <ClInclude Include="include\utils\console_io.h">
      <Filter>Files</Filter>
    </ClInclude>
    <ClInclude Include="include\utils\compilation\debug.h">
      <Filter>Files\compilation</Filter>
    </ClInclude>
    <ClInclude Include="include\utils\compilation\OS.h">
      <Filter>Files\compilation</Filter>
    </ClInclude>
    <ClInclude Include="include\utils\timer.h">
      <Filter>Files</Filter>
    </ClInclude>
    <ClInclude Include="include\utils\math\Transform2.h">
      <Filter>Files\math</Filter>
    </ClInclude>
    <ClInclude Include="include\utils\math\vec2.h">
      <Filter>Files\math</Filter>
    </ClInclude>
    <ClInclude Include="include\utils\containers\buffer.h">
      <Filter>Files\containers</Filter>
    </ClInclude>
    <ClInclude Include="include\utils\id_pool.h">
      <Filter>Files</Filter>
    </ClInclude>
    <ClInclude Include="include\utils\extensions.h">
      <Filter>Files</Filter>
    </ClInclude>
    <ClInclude Include="include\utils\synchronization.h">
      <Filter>Files</Filter>
    </ClInclude>
    <ClInclude Include="include\utils\window.h">
      <Filter>Files</Filter>
    </ClInclude>
    <ClInclude Include="private\SetWindowCompositionAttribute.h">
      <Filter>Files</Filter>
    </ClInclude>
    <ClInclude Include="include\utils\containers\matrix.h">
      <Filter>Files\containers</Filter>
    </ClInclude>
    <ClInclude Include="include\utils\math\average.h">
      <Filter>Files\math</Filter>
    </ClInclude>
    <ClInclude Include="include\utils\algorithm\join.h">
      <Filter>Files\algorithm</Filter>
    </ClInclude>
    <ClInclude Include="include\utils\math\angle.h">
      <Filter>Files\math</Filter>
    </ClInclude>
    <ClInclude Include="include\utils\math\easings.h">
      <Filter>Files\math</Filter>
    </ClInclude>
    <ClInclude Include="include\utils\math\geometry\polygon.h">
      <Filter>Files\math\geomtry</Filter>
    </ClInclude>
    <ClInclude Include="include\utils\math\geometry\segment.h">
      <Filter>Files\math\geomtry</Filter>
    </ClInclude>
    <ClInclude Include="include\utils\math\geometry\shape.h">
      <Filter>Files\math\geomtry</Filter>
    </ClInclude>
    <ClInclude Include="include\utils\index_range.h">
      <Filter>Files</Filter>
    </ClInclude>
    <ClInclude Include="include\utils\graphics\color.h">
      <Filter>Files\graphics</Filter>
    </ClInclude>
  </ItemGroup>
  <ItemGroup>
    <ClCompile Include="quick_tests.cpp">
      <Filter>Source Files</Filter>
    </ClCompile>
  </ItemGroup>
</Project>