
Microsoft Visual Studio Solution File, Format Version 12.00
# Visual Studio Version 17
VisualStudioVersion = 17.3.32825.248
MinimumVisualStudioVersion = 10.0.40219.1
Project("{8BC9CEB8-8B4A-11D0-8D11-00A0C91BC942}") = "CPP_Utilities", "CPP_Utilities.vcxproj", "{06C2DC60-4110-4D28-9660-F00E841288F8}"
EndProject
Project("{8BC9CEB8-8B4A-11D0-8D11-00A0C91BC942}") = "Tests", "Tests\Tests.vcxproj", "{C8ED2A6C-6A74-4A49-8219-468AA81C6234}"
EndProject
Global
	GlobalSection(SolutionConfigurationPlatforms) = preSolution
		Debug|x64 = Debug|x64
		Debug|x86 = Debug|x86
		Release|x64 = Release|x64
		Release|x86 = Release|x86
	EndGlobalSection
	GlobalSection(ProjectConfigurationPlatforms) = postSolution
		{06C2DC60-4110-4D28-9660-F00E841288F8}.Debug|x64.ActiveCfg = Debug|x64
		{06C2DC60-4110-4D28-9660-F00E841288F8}.Debug|x64.Build.0 = Debug|x64
		{06C2DC60-4110-4D28-9660-F00E841288F8}.Debug|x86.ActiveCfg = Debug|Win32
		{06C2DC60-4110-4D28-9660-F00E841288F8}.Debug|x86.Build.0 = Debug|Win32
		{06C2DC60-4110-4D28-9660-F00E841288F8}.Release|x64.ActiveCfg = Release|x64
		{06C2DC60-4110-4D28-9660-F00E841288F8}.Release|x64.Build.0 = Release|x64
		{06C2DC60-4110-4D28-9660-F00E841288F8}.Release|x86.ActiveCfg = Release|Win32
		{06C2DC60-4110-4D28-9660-F00E841288F8}.Release|x86.Build.0 = Release|Win32
		{C8ED2A6C-6A74-4A49-8219-468AA81C6234}.Debug|x64.ActiveCfg = Debug|x64
		{C8ED2A6C-6A74-4A49-8219-468AA81C6234}.Debug|x64.Build.0 = Debug|x64
		{C8ED2A6C-6A74-4A49-8219-468AA81C6234}.Debug|x86.ActiveCfg = Debug|Win32
		{C8ED2A6C-6A74-4A49-8219-468AA81C6234}.Debug|x86.Build.0 = Debug|Win32
		{C8ED2A6C-6A74-4A49-8219-468AA81C6234}.Release|x64.ActiveCfg = Release|x64
		{C8ED2A6C-6A74-4A49-8219-468AA81C6234}.Release|x64.Build.0 = Release|x64
		{C8ED2A6C-6A74-4A49-8219-468AA81C6234}.Release|x86.ActiveCfg = Release|Win32
		{C8ED2A6C-6A74-4A49-8219-468AA81C6234}.Release|x86.Build.0 = Release|Win32
	EndGlobalSection
	GlobalSection(SolutionProperties) = preSolution
		HideSolutionNode = FALSE
	EndGlobalSection
	GlobalSection(ExtensibilityGlobals) = postSolution
		SolutionGuid = {53B48356-B772-4AFB-9FE8-6C0181DB36C5}
	EndGlobalSection
EndGlobal
