
Microsoft Visual Studio Solution File, Format Version 12.00
# Visual Studio Version 16
VisualStudioVersion = 16.0.31105.61
MinimumVisualStudioVersion = 10.0.40219.1
Project("{8BC9CEB8-8B4A-11D0-8D11-00A0C91BC942}") = "CPP_Utilities", "CPP_Utilities.vcxproj", "{AC785F10-7256-4EBD-B983-CEA9DFBB0207}"
EndProject
Project("{8BC9CEB8-8B4A-11D0-8D11-00A0C91BC942}") = "Tests", "Tests\Tests.vcxproj", "{0DB5E1ED-80C4-4FD9-BFA0-558CAED32C7F}"
EndProject
Project("{8BC9CEB8-8B4A-11D0-8D11-00A0C91BC942}") = "Beta", "Beta\Beta.vcxproj", "{21403114-8891-4F1C-B510-A72CE8C2C1C3}"
EndProject
Global
	GlobalSection(SolutionConfigurationPlatforms) = preSolution
		Debug|x64 = Debug|x64
		Debug|x86 = Debug|x86
		Release|x64 = Release|x64
		Release|x86 = Release|x86
	EndGlobalSection
	GlobalSection(ProjectConfigurationPlatforms) = postSolution
		{AC785F10-7256-4EBD-B983-CEA9DFBB0207}.Debug|x64.ActiveCfg = Debug|x64
		{AC785F10-7256-4EBD-B983-CEA9DFBB0207}.Debug|x64.Build.0 = Debug|x64
		{AC785F10-7256-4EBD-B983-CEA9DFBB0207}.Debug|x86.ActiveCfg = Debug|Win32
		{AC785F10-7256-4EBD-B983-CEA9DFBB0207}.Debug|x86.Build.0 = Debug|Win32
		{AC785F10-7256-4EBD-B983-CEA9DFBB0207}.Release|x64.ActiveCfg = Release|x64
		{AC785F10-7256-4EBD-B983-CEA9DFBB0207}.Release|x64.Build.0 = Release|x64
		{AC785F10-7256-4EBD-B983-CEA9DFBB0207}.Release|x86.ActiveCfg = Release|Win32
		{AC785F10-7256-4EBD-B983-CEA9DFBB0207}.Release|x86.Build.0 = Release|Win32
		{0DB5E1ED-80C4-4FD9-BFA0-558CAED32C7F}.Debug|x64.ActiveCfg = Debug|x64
		{0DB5E1ED-80C4-4FD9-BFA0-558CAED32C7F}.Debug|x64.Build.0 = Debug|x64
		{0DB5E1ED-80C4-4FD9-BFA0-558CAED32C7F}.Debug|x86.ActiveCfg = Debug|Win32
		{0DB5E1ED-80C4-4FD9-BFA0-558CAED32C7F}.Debug|x86.Build.0 = Debug|Win32
		{0DB5E1ED-80C4-4FD9-BFA0-558CAED32C7F}.Release|x64.ActiveCfg = Release|x64
		{0DB5E1ED-80C4-4FD9-BFA0-558CAED32C7F}.Release|x64.Build.0 = Release|x64
		{0DB5E1ED-80C4-4FD9-BFA0-558CAED32C7F}.Release|x86.ActiveCfg = Release|Win32
		{0DB5E1ED-80C4-4FD9-BFA0-558CAED32C7F}.Release|x86.Build.0 = Release|Win32
		{21403114-8891-4F1C-B510-A72CE8C2C1C3}.Debug|x64.ActiveCfg = Debug|x64
		{21403114-8891-4F1C-B510-A72CE8C2C1C3}.Debug|x64.Build.0 = Debug|x64
		{21403114-8891-4F1C-B510-A72CE8C2C1C3}.Debug|x86.ActiveCfg = Debug|Win32
		{21403114-8891-4F1C-B510-A72CE8C2C1C3}.Debug|x86.Build.0 = Debug|Win32
		{21403114-8891-4F1C-B510-A72CE8C2C1C3}.Release|x64.ActiveCfg = Release|x64
		{21403114-8891-4F1C-B510-A72CE8C2C1C3}.Release|x64.Build.0 = Release|x64
		{21403114-8891-4F1C-B510-A72CE8C2C1C3}.Release|x86.ActiveCfg = Release|Win32
		{21403114-8891-4F1C-B510-A72CE8C2C1C3}.Release|x86.Build.0 = Release|Win32
	EndGlobalSection
	GlobalSection(SolutionProperties) = preSolution
		HideSolutionNode = FALSE
	EndGlobalSection
	GlobalSection(ExtensibilityGlobals) = postSolution
		SolutionGuid = {839C9FF8-9DA6-43E3-9933-F846FC3DE8E5}
	EndGlobalSection
EndGlobal
